{
  "plugin_type": "utilities",
  "name": "airflow",
  "namespace": "airflow",
  "variant": "apache",
  "label": "Airflow",
  "docs": "https://docs.meltano.com/guide/orchestration",
  "repo": "https://github.com/apache/airflow",
  "pip_url": "git+https://github.com/meltano/airflow-ext.git@main apache-airflow==2.3.3 --constraint https://raw.githubusercontent.com/apache/airflow/constraints-2.3.3/constraints-no-providers-3.8.txt",
  "executable": "airflow_invoker",
  "settings": [
    {
      "name": "core.dags_folder",
      "env": "AIRFLOW__CORE__DAGS_FOLDER",
      "value": "$MELTANO_PROJECT_ROOT/orchestrate/dags",
      "label": "DAGs Folder"
    },
    {
      "name": "core.plugins_folder",
      "env": "AIRFLOW__CORE__PLUGINS_FOLDER",
      "value": "$MELTANO_PROJECT_ROOT/orchestrate/plugins",
      "label": "Plugins Folder"
    },
    {
      "name": "database.sql_alchemy_conn",
      "env": "AIRFLOW__CORE__SQL_ALCHEMY_CONN",
      "value": "sqlite:///$MELTANO_PROJECT_ROOT/airflow/airflow.db",
      "label": "SQL Alchemy Connection"
    },
    {
      "name": "core.load_examples",
      "env": "AIRFLOW__CORE__LOAD_EXAMPLES",
      "value": false,
      "label": "Load Examples"
    },
    {
      "name": "core.dags_are_paused_at_creation",
      "env": "AIRFLOW__CORE__DAGS_ARE_PAUSED_AT_CREATION",
      "value": false,
      "label": "Pause DAGs at Creation"
    },
    {
      "name": "webserver.web_server_port",
      "env": "AIRFLOW__WEBSERVER__WEB_SERVER_PORT",
      "value": 8080,
      "label": "Webserver Port"
    },
    {
      "name": "extension.airflow_home",
      "env": "AIRFLOW_HOME",
      "value": "$MELTANO_PROJECT_ROOT/airflow",
      "label": "Airflow Home",
      "description": "The directory where Airflow will store its configuration, logs, and other files.\n"
    },
    {
      "name": "extension.airflow_config",
      "env": "AIRFLOW_CONFIG",
      "value": "$MELTANO_PROJECT_ROOT/airflow/airflow.cfg",
      "label": "Airflow Home",
      "description": "The path where the Airflow configuration file will be stored.\n"
    }
  ],
  "commands": {
    "describe": {
      "args": "describe",
      "executable": "airflow_extension"
    },
    "initialize": {
      "args": "initialize",
      "executable": "airflow_extension"
    },
    "create-admin": {
      "args": "users create --username admin --firstname FIRST_NAME --lastname LAST_NAME --role Admin --email admin@example.org",
      "description": "Create an admin user."
    },
    "ui": {
      "args": "webserver",
      "description": "Start the Airflow webserver."
    }
  },
  "ext_repo": "https://github.com/meltano/airflow-ext"
}